
Microsoft Visual Studio Solution File, Format Version 12.00
Project("{2150E333-8FDC-42A3-9474-1A3956D46DE8}") = "src", "src", "{D3539E56-BD84-4980-9BC9-5E3B11C21738}"
EndProject
Project("{FAE04EC0-301F-11D3-BF4B-00C04F79EFBC}") = "BarberBoss.WebAPI", "src\BarberBoss.WebAPI\BarberBoss.WebAPI.csproj", "{E3D1BB81-FC00-43FB-9D32-A4A94748A918}"
EndProject
Project("{2150E333-8FDC-42A3-9474-1A3956D46DE8}") = "Solution Items", "Solution Items", "{F21309A4-3067-4FFF-8DF9-ABA1A1E40EE2}"
	ProjectSection(SolutionItems) = preProject
		compose.yaml = compose.yaml
	EndProjectSection
EndProject
Project("{FAE04EC0-301F-11D3-BF4B-00C04F79EFBC}") = "BarberBoss.Exception", "src\BarberBoss.Exception\BarberBoss.Exception.csproj", "{262B7F6E-F679-49E0-B787-4E4D7AE6805B}"
EndProject
Project("{FAE04EC0-301F-11D3-BF4B-00C04F79EFBC}") = "BarberBoss.Communication", "src\BarberBoss.Communication\BarberBoss.Communication.csproj", "{45953290-8994-4FBB-BCC1-F4CE0D225CBB}"
EndProject
Global
	GlobalSection(SolutionConfigurationPlatforms) = preSolution
		Debug|Any CPU = Debug|Any CPU
		Release|Any CPU = Release|Any CPU
	EndGlobalSection
	GlobalSection(NestedProjects) = preSolution
		{E3D1BB81-FC00-43FB-9D32-A4A94748A918} = {D3539E56-BD84-4980-9BC9-5E3B11C21738}
		{262B7F6E-F679-49E0-B787-4E4D7AE6805B} = {D3539E56-BD84-4980-9BC9-5E3B11C21738}
		{45953290-8994-4FBB-BCC1-F4CE0D225CBB} = {D3539E56-BD84-4980-9BC9-5E3B11C21738}
	EndGlobalSection
	GlobalSection(ProjectConfigurationPlatforms) = postSolution
		{E3D1BB81-FC00-43FB-9D32-A4A94748A918}.Debug|Any CPU.ActiveCfg = Debug|Any CPU
		{E3D1BB81-FC00-43FB-9D32-A4A94748A918}.Debug|Any CPU.Build.0 = Debug|Any CPU
		{E3D1BB81-FC00-43FB-9D32-A4A94748A918}.Release|Any CPU.ActiveCfg = Release|Any CPU
		{E3D1BB81-FC00-43FB-9D32-A4A94748A918}.Release|Any CPU.Build.0 = Release|Any CPU
		{262B7F6E-F679-49E0-B787-4E4D7AE6805B}.Debug|Any CPU.ActiveCfg = Debug|Any CPU
		{262B7F6E-F679-49E0-B787-4E4D7AE6805B}.Debug|Any CPU.Build.0 = Debug|Any CPU
		{262B7F6E-F679-49E0-B787-4E4D7AE6805B}.Release|Any CPU.ActiveCfg = Release|Any CPU
		{262B7F6E-F679-49E0-B787-4E4D7AE6805B}.Release|Any CPU.Build.0 = Release|Any CPU
		{45953290-8994-4FBB-BCC1-F4CE0D225CBB}.Debug|Any CPU.ActiveCfg = Debug|Any CPU
		{45953290-8994-4FBB-BCC1-F4CE0D225CBB}.Debug|Any CPU.Build.0 = Debug|Any CPU
		{45953290-8994-4FBB-BCC1-F4CE0D225CBB}.Release|Any CPU.ActiveCfg = Release|Any CPU
		{45953290-8994-4FBB-BCC1-F4CE0D225CBB}.Release|Any CPU.Build.0 = Release|Any CPU
	EndGlobalSection
EndGlobal
